// !$*UTF8*$!
{
	archiveVersion = 1;
	classes = {
	};
	objectVersion = 48;
	objects = {

/* Begin PBXBuildFile section */
		17AE913820170A4600EF1ACC /* AppDelegate.m in Sources */ = {isa = PBXBuildFile; fileRef = 17AE913720170A4600EF1ACC /* AppDelegate.m */; };
		17AE913B20170A4600EF1ACC /* ViewController.m in Sources */ = {isa = PBXBuildFile; fileRef = 17AE913A20170A4600EF1ACC /* ViewController.m */; };
		17AE913E20170A4600EF1ACC /* Main.storyboard in Resources */ = {isa = PBXBuildFile; fileRef = 17AE913C20170A4600EF1ACC /* Main.storyboard */; };
		17AE914020170A4600EF1ACC /* Assets.xcassets in Resources */ = {isa = PBXBuildFile; fileRef = 17AE913F20170A4600EF1ACC /* Assets.xcassets */; };
		17AE914320170A4600EF1ACC /* LaunchScreen.storyboard in Resources */ = {isa = PBXBuildFile; fileRef = 17AE914120170A4600EF1ACC /* LaunchScreen.storyboard */; };
		17AE914620170A4600EF1ACC /* main.m in Sources */ = {isa = PBXBuildFile; fileRef = 17AE914520170A4600EF1ACC /* main.m */; };
/* End PBXBuildFile section */

/* Begin PBXFileReference section */
		17AE913320170A4500EF1ACC /* SpecPods.app */ = {isa = PBXFileReference; explicitFileType = wrapper.application; includeInIndex = 0; path = SpecPods.app; sourceTree = BUILT_PRODUCTS_DIR; };
		17AE913620170A4600EF1ACC /* AppDelegate.h */ = {isa = PBXFileReference; lastKnownFileType = sourcecode.c.h; path = AppDelegate.h; sourceTree = "<group>"; };
		17AE913720170A4600EF1ACC /* AppDelegate.m */ = {isa = PBXFileReference; lastKnownFileType = sourcecode.c.objc; path = AppDelegate.m; sourceTree = "<group>"; };
		17AE913920170A4600EF1ACC /* ViewController.h */ = {isa = PBXFileReference; lastKnownFileType = sourcecode.c.h; path = ViewController.h; sourceTree = "<group>"; };
		17AE913A20170A4600EF1ACC /* ViewController.m */ = {isa = PBXFileReference; lastKnownFileType = sourcecode.c.objc; path = ViewController.m; sourceTree = "<group>"; };
		17AE913D20170A4600EF1ACC /* Base */ = {isa = PBXFileReference; lastKnownFileType = file.storyboard; name = Base; path = Base.lproj/Main.storyboard; sourceTree = "<group>"; };
		17AE913F20170A4600EF1ACC /* Assets.xcassets */ = {isa = PBXFileReference; lastKnownFileType = folder.assetcatalog; path = Assets.xcassets; sourceTree = "<group>"; };
		17AE914220170A4600EF1ACC /* Base */ = {isa = PBXFileReference; lastKnownFileType = file.storyboard; name = Base; path = Base.lproj/LaunchScreen.storyboard; sourceTree = "<group>"; };
		17AE914420170A4600EF1ACC /* Info.plist */ = {isa = PBXFileReference; lastKnownFileType = text.plist.xml; path = Info.plist; sourceTree = "<group>"; };
		17AE914520170A4600EF1ACC /* main.m */ = {isa = PBXFileReference; lastKnownFileType = sourcecode.c.objc; path = main.m; sourceTree = "<group>"; };
/* End PBXFileReference section */

/* Begin PBXFrameworksBuildPhase section */
		17AE913020170A4500EF1ACC /* Frameworks */ = {
			isa = PBXFrameworksBuildPhase;
			buildActionMask = 2147483647;
			files = (
			);
			runOnlyForDeploymentPostprocessing = 0;
		};
/* End PBXFrameworksBuildPhase section */

/* Begin PBXGroup section */
		17AE912A20170A4500EF1ACC = {
			isa = PBXGroup;
			children = (
				17AE913520170A4500EF1ACC /* SpecPods */,
				17AE913420170A4500EF1ACC /* Products */,
			);
			sourceTree = "<group>";
		};
		17AE913420170A4500EF1ACC /* Products */ = {
			isa = PBXGroup;
			children = (
				17AE913320170A4500EF1ACC /* SpecPods.app */,
			);
			name = Products;
			sourceTree = "<group>";
		};
		17AE913520170A4500EF1ACC /* SpecPods */ = {
			isa = PBXGroup;
			children = (
				17AE913620170A4600EF1ACC /* AppDelegate.h */,
				17AE913720170A4600EF1ACC /* AppDelegate.m */,
				17AE913920170A4600EF1ACC /* ViewController.h */,
				17AE913A20170A4600EF1ACC /* ViewController.m */,
				17AE913C20170A4600EF1ACC /* Main.storyboard */,
				17AE913F20170A4600EF1ACC /* Assets.xcassets */,
				17AE914120170A4600EF1ACC /* LaunchScreen.storyboard */,
				17AE914420170A4600EF1ACC /* Info.plist */,
				17AE914520170A4600EF1ACC /* main.m */,
			);
			path = SpecPods;
			sourceTree = "<group>";
		};
/* End PBXGroup section */

/* Begin PBXNativeTarget section */
		17AE913220170A4500EF1ACC /* SpecPods */ = {
			isa = PBXNativeTarget;
			buildConfigurationList = 17AE914920170A4600EF1ACC /* Build configuration list for PBXNativeTarget "SpecPods" */;
			buildPhases = (
				17AE912F20170A4500EF1ACC /* Sources */,
				17AE913020170A4500EF1ACC /* Frameworks */,
				17AE913120170A4500EF1ACC /* Resources */,
			);
			buildRules = (
			);
			dependencies = (
			);
			name = SpecPods;
			productName = SpecPods;
			productReference = 17AE913320170A4500EF1ACC /* SpecPods.app */;
			productType = "com.apple.product-type.application";
		};
/* End PBXNativeTarget section */

/* Begin PBXProject section */
		17AE912B20170A4500EF1ACC /* Project object */ = {
			isa = PBXProject;
			attributes = {
				LastUpgradeCheck = 0920;
				ORGANIZATIONNAME = Alec;
				TargetAttributes = {
					17AE913220170A4500EF1ACC = {
						CreatedOnToolsVersion = 9.2;
						ProvisioningStyle = Automatic;
					};
				};
			};
			buildConfigurationList = 17AE912E20170A4500EF1ACC /* Build configuration list for PBXProject "SpecPods" */;
			compatibilityVersion = "Xcode 8.0";
			developmentRegion = en;
			hasScannedForEncodings = 0;
			knownRegions = (
				en,
				Base,
			);
			mainGroup = 17AE912A20170A4500EF1ACC;
			productRefGroup = 17AE913420170A4500EF1ACC /* Products */;
			projectDirPath = "";
			projectRoot = "";
			targets = (
				17AE913220170A4500EF1ACC /* SpecPods */,
			);
		};
/* End PBXProject section */

/* Begin PBXResourcesBuildPhase section */
		17AE913120170A4500EF1ACC /* Resources */ = {
			isa = PBXResourcesBuildPhase;
			buildActionMask = 2147483647;
			files = (
				17AE914320170A4600EF1ACC /* LaunchScreen.storyboard in Resources */,
				17AE914020170A4600EF1ACC /* Assets.xcassets in Resources */,
				17AE913E20170A4600EF1ACC /* Main.storyboard in Resources */,
			);
			runOnlyForDeploymentPostprocessing = 0;
		};
/* End PBXResourcesBuildPhase section */

/* Begin PBXSourcesBuildPhase section */
		17AE912F20170A4500EF1ACC /* Sources */ = {
			isa = PBXSourcesBuildPhase;
			buildActionMask = 2147483647;
			files = (
				17AE913B20170A4600EF1ACC /* ViewController.m in Sources */,
				17AE914620170A4600EF1ACC /* main.m in Sources */,
				17AE913820170A4600EF1ACC /* AppDelegate.m in Sources */,
			);
			runOnlyForDeploymentPostprocessing = 0;
		};
/* End PBXSourcesBuildPhase section */

/* Begin PBXVariantGroup section */
		17AE913C20170A4600EF1ACC /* Main.storyboard */ = {
			isa = PBXVariantGroup;
			children = (
				17AE913D20170A4600EF1ACC /* Base */,
			);
			name = Main.storyboard;
			sourceTree = "<group>";
		};
		17AE914120170A4600EF1ACC /* LaunchScreen.storyboard */ = {
			isa = PBXVariantGroup;
			children = (
				17AE914220170A4600EF1ACC /* Base */,
			);
			name = LaunchScreen.storyboard;
			sourceTree = "<group>";
		};
/* End PBXVariantGroup section */

/* Begin XCBuildConfiguration section */
		17AE914720170A4600EF1ACC /* Debug */ = {
			isa = XCBuildConfiguration;
			buildSettings = {
				ALWAYS_SEARCH_USER_PATHS = NO;
				CLANG_ANALYZER_NONNULL = YES;
				CLANG_ANALYZER_NUMBER_OBJECT_CONVERSION = YES_AGGRESSIVE;
				CLANG_CXX_LANGUAGE_STANDARD = "gnu++14";
				CLANG_CXX_LIBRARY = "libc++";
				CLANG_ENABLE_MODULES = YES;
				CLANG_ENABLE_OBJC_ARC = YES;
				CLANG_WARN_BLOCK_CAPTURE_AUTORELEASING = YES;
				CLANG_WARN_BOOL_CONVERSION = YES;
				CLANG_WARN_COMMA = YES;
				CLANG_WARN_CONSTANT_CONVERSION = YES;
				CLANG_WARN_DIRECT_OBJC_ISA_USAGE = YES_ERROR;
				CLANG_WARN_DOCUMENTATION_COMMENTS = YES;
				CLANG_WARN_EMPTY_BODY = YES;
				CLANG_WARN_ENUM_CONVERSION = YES;
				CLANG_WARN_INFINITE_RECURSION = YES;
				CLANG_WARN_INT_CONVERSION = YES;
				CLANG_WARN_NON_LITERAL_NULL_CONVERSION = YES;
				CLANG_WARN_OBJC_LITERAL_CONVERSION = YES;
				CLANG_WARN_OBJC_ROOT_CLASS = YES_ERROR;
				CLANG_WARN_RANGE_LOOP_ANALYSIS = YES;
				CLANG_WARN_STRICT_PROTOTYPES = YES;
				CLANG_WARN_SUSPICIOUS_MOVE = YES;
				CLANG_WARN_UNGUARDED_AVAILABILITY = YES_AGGRESSIVE;
				CLANG_WARN_UNREACHABLE_CODE = YES;
				CLANG_WARN__DUPLICATE_METHOD_MATCH = YES;
				CODE_SIGN_IDENTITY = "iPhone Developer";
				COPY_PHASE_STRIP = NO;
				DEBUG_INFORMATION_FORMAT = dwarf;
				ENABLE_STRICT_OBJC_MSGSEND = YES;
				ENABLE_TESTABILITY = YES;
				GCC_C_LANGUAGE_STANDARD = gnu11;
				GCC_DYNAMIC_NO_PIC = NO;
				GCC_NO_COMMON_BLOCKS = YES;
				GCC_OPTIMIZATION_LEVEL = 0;
				GCC_PREPROCESSOR_DEFINITIONS = (
					"DEBUG=1",
					"$(inherited)",
				);
				GCC_WARN_64_TO_32_BIT_CONVERSION = YES;
				GCC_WARN_ABOUT_RETURN_TYPE = YES_ERROR;
				GCC_WARN_UNDECLARED_SELECTOR = YES;
				GCC_WARN_UNINITIALIZED_AUTOS = YES_AGGRESSIVE;
				GCC_WARN_UNUSED_FUNCTION = YES;
				GCC_WARN_UNUSED_VARIABLE = YES;
				IPHONEOS_DEPLOYMENT_TARGET = 11.2;
				MTL_ENABLE_DEBUG_INFO = YES;
				ONLY_ACTIVE_ARCH = YES;
				SDKROOT = iphoneos;
			};
			name = Debug;
		};
		17AE914820170A4600EF1ACC /* Release */ = {
			isa = XCBuildConfiguration;
			buildSettings = {
				ALWAYS_SEARCH_USER_PATHS = NO;
				CLANG_ANALYZER_NONNULL = YES;
				CLANG_ANALYZER_NUMBER_OBJECT_CONVERSION = YES_AGGRESSIVE;
				CLANG_CXX_LANGUAGE_STANDARD = "gnu++14";
				CLANG_CXX_LIBRARY = "libc++";
				CLANG_ENABLE_MODULES = YES;
				CLANG_ENABLE_OBJC_ARC = YES;
				CLANG_WARN_BLOCK_CAPTURE_AUTORELEASING = YES;
				CLANG_WARN_BOOL_CONVERSION = YES;
				CLANG_WARN_COMMA = YES;
				CLANG_WARN_CONSTANT_CONVERSION = YES;
				CLANG_WARN_DIRECT_OBJC_ISA_USAGE = YES_ERROR;
				CLANG_WARN_DOCUMENTATION_COMMENTS = YES;
				CLANG_WARN_EMPTY_BODY = YES;
				CLANG_WARN_ENUM_CONVERSION = YES;
				CLANG_WARN_INFINITE_RECURSION = YES;
				CLANG_WARN_INT_CONVERSION = YES;
				CLANG_WARN_NON_LITERAL_NULL_CONVERSION = YES;
				CLANG_WARN_OBJC_LITERAL_CONVERSION = YES;
				CLANG_WARN_OBJC_ROOT_CLASS = YES_ERROR;
				CLANG_WARN_RANGE_LOOP_ANALYSIS = YES;
				CLANG_WARN_STRICT_PROTOTYPES = YES;
				CLANG_WARN_SUSPICIOUS_MOVE = YES;
				CLANG_WARN_UNGUARDED_AVAILABILITY = YES_AGGRESSIVE;
				CLANG_WARN_UNREACHABLE_CODE = YES;
				CLANG_WARN__DUPLICATE_METHOD_MATCH = YES;
				CODE_SIGN_IDENTITY = "iPhone Developer";
				COPY_PHASE_STRIP = NO;
				DEBUG_INFORMATION_FORMAT = "dwarf-with-dsym";
				ENABLE_NS_ASSERTIONS = NO;
				ENABLE_STRICT_OBJC_MSGSEND = YES;
				GCC_C_LANGUAGE_STANDARD = gnu11;
				GCC_NO_COMMON_BLOCKS = YES;
				GCC_WARN_64_TO_32_BIT_CONVERSION = YES;
				GCC_WARN_ABOUT_RETURN_TYPE = YES_ERROR;
				GCC_WARN_UNDECLARED_SELECTOR = YES;
				GCC_WARN_UNINITIALIZED_AUTOS = YES_AGGRESSIVE;
				GCC_WARN_UNUSED_FUNCTION = YES;
				GCC_WARN_UNUSED_VARIABLE = YES;
				IPHONEOS_DEPLOYMENT_TARGET = 11.2;
				MTL_ENABLE_DEBUG_INFO = NO;
				SDKROOT = iphoneos;
				VALIDATE_PRODUCT = YES;
			};
			name = Release;
		};
		17AE914A20170A4600EF1ACC /* Debug */ = {
			isa = XCBuildConfiguration;
			buildSettings = {
				ASSETCATALOG_COMPILER_APPICON_NAME = AppIcon;
				CODE_SIGN_STYLE = Automatic;
				DEVELOPMENT_TEAM = B9HC64Z7P7;
				INFOPLIST_FILE = SpecPods/Info.plist;
				LD_RUNPATH_SEARCH_PATHS = "$(inherited) @executable_path/Frameworks";
				PRODUCT_BUNDLE_IDENTIFIER = Alec.SpecPods;
				PRODUCT_NAME = "$(TARGET_NAME)";
				TARGETED_DEVICE_FAMILY = "1,2";
			};
			name = Debug;
		};
		17AE914B20170A4600EF1ACC /* Release */ = {
			isa = XCBuildConfiguration;
			buildSettings = {
				ASSETCATALOG_COMPILER_APPICON_NAME = AppIcon;
				CODE_SIGN_STYLE = Automatic;
				DEVELOPMENT_TEAM = B9HC64Z7P7;
				INFOPLIST_FILE = SpecPods/Info.plist;
				LD_RUNPATH_SEARCH_PATHS = "$(inherited) @executable_path/Frameworks";
				PRODUCT_BUNDLE_IDENTIFIER = Alec.SpecPods;
				PRODUCT_NAME = "$(TARGET_NAME)";
				TARGETED_DEVICE_FAMILY = "1,2";
			};
			name = Release;
		};
/* End XCBuildConfiguration section */

/* Begin XCConfigurationList section */
		17AE912E20170A4500EF1ACC /* Build configuration list for PBXProject "SpecPods" */ = {
			isa = XCConfigurationList;
			buildConfigurations = (
				17AE914720170A4600EF1ACC /* Debug */,
				17AE914820170A4600EF1ACC /* Release */,
			);
			defaultConfigurationIsVisible = 0;
			defaultConfigurationName = Release;
		};
		17AE914920170A4600EF1ACC /* Build configuration list for PBXNativeTarget "SpecPods" */ = {
			isa = XCConfigurationList;
			buildConfigurations = (
				17AE914A20170A4600EF1ACC /* Debug */,
				17AE914B20170A4600EF1ACC /* Release */,
			);
			defaultConfigurationIsVisible = 0;
			defaultConfigurationName = Release;
		};
/* End XCConfigurationList section */
	};
	rootObject = 17AE912B20170A4500EF1ACC /* Project object */;
}
